
Microsoft Visual Studio Solution File, Format Version 12.00
# Visual Studio Version 17
VisualStudioVersion = 17.10.34707.107
MinimumVisualStudioVersion = 10.0.40219.1
Project("{9A19103F-16F7-4668-BE54-9A1E7A4F7556}") = "ActorWebServerPlayground", "src\ActorWebServerPlayground\ActorWebServerPlayground.csproj", "{4AFE780D-7212-458B-8F46-FF5BB693FBB2}"
EndProject
Project("{2150E333-8FDC-42A3-9474-1A3956D46DE8}") = "src", "src", "{3ECB292A-DB4C-40AF-BA7C-12365BE3D31E}"
EndProject
Project("{2150E333-8FDC-42A3-9474-1A3956D46DE8}") = "tests", "tests", "{F1A1313D-069C-459C-BDFA-AF4251FAD233}"
EndProject
Project("{FAE04EC0-301F-11D3-BF4B-00C04F79EFBC}") = "ActorWebServerPlaygroundTests", "tests\ActorWebServerPlaygroundTests\ActorWebServerPlaygroundTests.csproj", "{FCC524FC-2A7D-4386-B490-3A28AADE0770}"
EndProject
Global
	GlobalSection(SolutionConfigurationPlatforms) = preSolution
		Debug|Any CPU = Debug|Any CPU
		Release|Any CPU = Release|Any CPU
	EndGlobalSection
	GlobalSection(ProjectConfigurationPlatforms) = postSolution
		{4AFE780D-7212-458B-8F46-FF5BB693FBB2}.Debug|Any CPU.ActiveCfg = Debug|Any CPU
		{4AFE780D-7212-458B-8F46-FF5BB693FBB2}.Debug|Any CPU.Build.0 = Debug|Any CPU
		{4AFE780D-7212-458B-8F46-FF5BB693FBB2}.Release|Any CPU.ActiveCfg = Release|Any CPU
		{4AFE780D-7212-458B-8F46-FF5BB693FBB2}.Release|Any CPU.Build.0 = Release|Any CPU
		{FCC524FC-2A7D-4386-B490-3A28AADE0770}.Debug|Any CPU.ActiveCfg = Debug|Any CPU
		{FCC524FC-2A7D-4386-B490-3A28AADE0770}.Debug|Any CPU.Build.0 = Debug|Any CPU
		{FCC524FC-2A7D-4386-B490-3A28AADE0770}.Release|Any CPU.ActiveCfg = Release|Any CPU
		{FCC524FC-2A7D-4386-B490-3A28AADE0770}.Release|Any CPU.Build.0 = Release|Any CPU
	EndGlobalSection
	GlobalSection(SolutionProperties) = preSolution
		HideSolutionNode = FALSE
	EndGlobalSection
	GlobalSection(NestedProjects) = preSolution
		{4AFE780D-7212-458B-8F46-FF5BB693FBB2} = {3ECB292A-DB4C-40AF-BA7C-12365BE3D31E}
		{FCC524FC-2A7D-4386-B490-3A28AADE0770} = {F1A1313D-069C-459C-BDFA-AF4251FAD233}
	EndGlobalSection
	GlobalSection(ExtensibilityGlobals) = postSolution
		SolutionGuid = {20AF9204-586A-40B4-93E9-7DF9171362E3}
	EndGlobalSection
EndGlobal
